schema: '2.0'
stages:
  load_data:
    cmd: python src/load_data.py --config=params.yaml
    deps:
    - path: data_given/winequality.csv
      md5: 0ac6b42763b097fb7af9892bd6653d4c
      size: 92000
    - path: src/get_data.py
      md5: e1fa914e1c647707867ec48afb4db099
      size: 745
    - path: src/load_data.py
      md5: 78eb0b4d436e2323bff7cdc8161b8dbf
      size: 680
    outs:
    - path: data/raw/winequality.csv
      md5: 1a60bcf9e121b3fb0bdaec42309db757
      size: 93600
  split_data:
    cmd: python src/split_data.py --config=params.yaml
    deps:
    - path: data/raw/winequality.csv
      md5: 1a60bcf9e121b3fb0bdaec42309db757
      size: 93600
    - path: src/split_data.py
      md5: d0b79a27bd3db7325015bcec9ce3f589
      size: 1099
    outs:
    - path: data/processed/test_winequality.csv
      md5: 01718da3bd6e206060ed00667ca1a389
      size: 18831
    - path: data/processed/train_winequality.csv
      md5: 0796b1145c3cc96d37eafd5a3b7e82f1
      size: 74915
  train_and_evaluate:
    cmd: python src/train_and_evaluate.py --config=params.yaml
    deps:
    - path: data/processed/test_winequality.csv
      md5: 01718da3bd6e206060ed00667ca1a389
      size: 18831
    - path: data/processed/train_winequality.csv
      md5: 0796b1145c3cc96d37eafd5a3b7e82f1
      size: 74915
    - path: src/train_and_evaluate.py
      md5: 3672836fb4ef3612efdc9ce0cec9f928
      size: 2809
    params:
      params.yaml:
        estimators.ElasticNet.params.alpha: 0.69
        estimators.ElasticNet.params.l1_ratio: 0.5
